{
  "nodes": {
    "agda": {
      "inputs": {
        "flake-utils": [
          "cornelis",
          "flake-utils"
        ],
        "nixpkgs": [
          "cornelis",
          "nixpkgs"
        ]
      },
      "locked": {
        "lastModified": 1676292415,
        "narHash": "sha256-HEWxwLLZB7yAAa4QROH60yHMXgUDMJG6DvZaF1ho26w=",
        "owner": "agda",
        "repo": "agda",
        "rev": "8d4416a462719bffbf21617b9f2fa00234e185ac",
        "type": "github"
      },
      "original": {
        "owner": "agda",
        "repo": "agda",
        "rev": "8d4416a462719bffbf21617b9f2fa00234e185ac",
        "type": "github"
      }
    },
    "agda-stdlib-source": {
      "flake": false,
      "locked": {
        "lastModified": 1675217091,
        "narHash": "sha256-vvbyfC5+Yyx18IDikSbAAcTHHtU6krlz45Fd2YlwsBg=",
        "owner": "agda",
        "repo": "agda-stdlib",
        "rev": "b2e6385c1636897dbee0b10f7194376ff2c1753b",
        "type": "github"
      },
      "original": {
        "owner": "agda",
        "ref": "v1.7.2",
        "repo": "agda-stdlib",
        "type": "github"
      }
    },
    "cornelis": {
      "inputs": {
        "agda": "agda",
        "agda-stdlib-source": "agda-stdlib-source",
        "flake-compat": [
          "flake-compat"
        ],
        "flake-utils": [
          "flake-utils"
        ],
        "nixpkgs": [
          "nixpkgs-unstable"
        ],
        "nvim-hs-source": "nvim-hs-source"
      },
      "locked": {
        "lastModified": 1681772647,
        "narHash": "sha256-5pWfrUeuB5YCnlGH0hnO0EXgoLVwRGfDuY6R2NrSVOA=",
        "owner": "isovector",
        "repo": "cornelis",
        "rev": "07c4eebeb3147ff1f8d7fa47c8f98ac570b1824e",
        "type": "github"
      },
      "original": {
        "owner": "isovector",
        "repo": "cornelis",
        "type": "github"
      }
    },
    "darwin": {
      "inputs": {
        "nixpkgs": [
          "nixpkgs-unstable"
        ]
      },
      "locked": {
        "lastModified": 1687691275,
        "narHash": "sha256-VVywT8ubStvDPF5TscDBokT3T0l3zsOzCW056noh5zc=",
        "owner": "lnl7",
        "repo": "nix-darwin",
        "rev": "25ae710ba3cd448c5d5678788d37f3d149378bc0",
        "type": "github"
      },
      "original": {
        "owner": "lnl7",
        "repo": "nix-darwin",
        "type": "github"
      }
    },
    "flake-compat": {
      "flake": false,
      "locked": {
        "lastModified": 1673956053,
        "narHash": "sha256-4gtG9iQuiKITOjNQQeQIpoIB6b16fm+504Ch3sNKLd8=",
        "owner": "edolstra",
        "repo": "flake-compat",
        "rev": "35bb57c0c8d8b62bbfd284272c928ceb64ddbde9",
        "type": "github"
      },
      "original": {
        "owner": "edolstra",
        "repo": "flake-compat",
        "type": "github"
      }
    },
    "flake-utils": {
      "inputs": {
        "systems": "systems"
      },
      "locked": {
        "lastModified": 1687709756,
        "narHash": "sha256-Y5wKlQSkgEK2weWdOu4J3riRd+kV/VCgHsqLNTTWQ/0=",
        "owner": "numtide",
        "repo": "flake-utils",
        "rev": "dbabf0ca0c0c4bce6ea5eaf65af5cb694d2082c7",
        "type": "github"
      },
      "original": {
        "owner": "numtide",
        "repo": "flake-utils",
        "type": "github"
      }
    },
    "flake-utils_2": {
      "locked": {
        "lastModified": 1644229661,
        "narHash": "sha256-1YdnJAsNy69bpcjuoKdOYQX0YxZBiCYZo4Twxerqv7k=",
        "owner": "numtide",
        "repo": "flake-utils",
        "rev": "3cecb5b042f7f209c56ffd8371b2711a290ec797",
        "type": "github"
      },
      "original": {
        "owner": "numtide",
        "repo": "flake-utils",
        "type": "github"
      }
    },
    "home-manager": {
      "inputs": {
        "nixpkgs": [
          "nixpkgs-unstable"
        ]
      },
      "locked": {
        "lastModified": 1687945268,
        "narHash": "sha256-Fto5zvy6/mjFLF8cOFUdZkZOwQnQ9snpaAf6qSBP8/8=",
        "owner": "nix-community",
        "repo": "home-manager",
        "rev": "47c2adc6b31e9cff335010f570814e44418e2b3e",
        "type": "github"
      },
      "original": {
        "owner": "nix-community",
        "ref": "master",
        "repo": "home-manager",
        "type": "github"
      }
    },
    "nixpkgs-master": {
      "locked": {
        "lastModified": 1687962348,
        "narHash": "sha256-LN4ty2KLmdMqZaVVBsB34zSh6M69DWUrmFi3X7jkda0=",
        "owner": "NixOS",
        "repo": "nixpkgs",
        "rev": "e9782f715dd40e35476f2723fb1b7c232288c6b7",
        "type": "github"
      },
      "original": {
        "owner": "NixOS",
        "ref": "master",
        "repo": "nixpkgs",
        "type": "github"
      }
    },
    "nixpkgs-stable": {
      "locked": {
        "lastModified": 1687861235,
        "narHash": "sha256-svC9lDtEft6hPopvs85z6AN1RDSI+UAZAISXHuRNvqg=",
        "owner": "NixOS",
        "repo": "nixpkgs",
        "rev": "4fec046839e4c2f58a930d358d0e9f893ece59f5",
        "type": "github"
      },
      "original": {
        "owner": "NixOS",
        "ref": "nixpkgs-23.05-darwin",
        "repo": "nixpkgs",
        "type": "github"
      }
    },
    "nixpkgs-unstable": {
      "locked": {
        "lastModified": 1687886075,
        "narHash": "sha256-PeayJDDDy+uw1Ats4moZnRdL1OFuZm1Tj+KiHlD67+o=",
        "owner": "NixOS",
        "repo": "nixpkgs",
        "rev": "a565059a348422af5af9026b5174dc5c0dcefdae",
        "type": "github"
      },
      "original": {
        "owner": "NixOS",
        "ref": "nixpkgs-unstable",
        "repo": "nixpkgs",
        "type": "github"
      }
    },
    "nvim-hs-source": {
      "flake": false,
      "locked": {
        "lastModified": 1675633002,
        "narHash": "sha256-+oloouRfR0vexob6z7U9t+pHqt2qCE810JiGKb3m6NQ=",
        "owner": "neovimhaskell",
        "repo": "nvim-hs",
        "rev": "eaf826d4156b0281ef7ce9dec35ba720b5c45f09",
        "type": "github"
      },
      "original": {
        "owner": "neovimhaskell",
        "repo": "nvim-hs",
        "rev": "eaf826d4156b0281ef7ce9dec35ba720b5c45f09",
        "type": "github"
      }
    },
    "root": {
      "inputs": {
        "cornelis": "cornelis",
        "darwin": "darwin",
        "flake-compat": "flake-compat",
        "flake-utils": "flake-utils",
        "home-manager": "home-manager",
        "nixpkgs-master": "nixpkgs-master",
        "nixpkgs-stable": "nixpkgs-stable",
        "nixpkgs-unstable": "nixpkgs-unstable",
        "spacebar": "spacebar"
      }
    },
    "spacebar": {
      "inputs": {
        "flake-utils": "flake-utils_2",
        "nixpkgs": [
          "nixpkgs-unstable"
        ]
      },
      "locked": {
        "lastModified": 1644858436,
        "narHash": "sha256-4LiG43kPZtsm7SQ/28RaGMpYsDshCaGvc1mouPG3jFM=",
        "owner": "cmacrae",
        "repo": "spacebar",
        "rev": "79257bae525059be5230e86df96b3b3f1a3ed0a7",
        "type": "github"
      },
      "original": {
        "owner": "cmacrae",
        "ref": "v1.4.0",
        "repo": "spacebar",
        "type": "github"
      }
    },
    "systems": {
      "locked": {
        "lastModified": 1681028828,
        "narHash": "sha256-Vy1rq5AaRuLzOxct8nz4T6wlgyUR7zLU309k9mBC768=",
        "owner": "nix-systems",
        "repo": "default",
        "rev": "da67096a3b9bf56a91d16901293e51ba5b49a27e",
        "type": "github"
      },
      "original": {
        "owner": "nix-systems",
        "repo": "default",
        "type": "github"
      }
    }
  },
  "root": "root",
  "version": 7
}
